
Microsoft Visual Studio Solution File, Format Version 12.00
# Visual Studio Version 16
VisualStudioVersion = 16.0.31424.327
MinimumVisualStudioVersion = 10.0.40219.1
Project("{FAE04EC0-301F-11D3-BF4B-00C04F79EFBC}") = "WpfApp1", "WpfApp1\WpfApp1.csproj", "{EB871D39-22F7-4F18-819F-56D8AFD0FD52}"
EndProject
Global
	GlobalSection(SolutionConfigurationPlatforms) = preSolution
		Debug|Any CPU = Debug|Any CPU
		Release|Any CPU = Release|Any CPU
	EndGlobalSection
	GlobalSection(ProjectConfigurationPlatforms) = postSolution
		{EB871D39-22F7-4F18-819F-56D8AFD0FD52}.Debug|Any CPU.ActiveCfg = Debug|Any CPU
		{EB871D39-22F7-4F18-819F-56D8AFD0FD52}.Debug|Any CPU.Build.0 = Debug|Any CPU
		{EB871D39-22F7-4F18-819F-56D8AFD0FD52}.Release|Any CPU.ActiveCfg = Release|Any CPU
		{EB871D39-22F7-4F18-819F-56D8AFD0FD52}.Release|Any CPU.Build.0 = Release|Any CPU
	EndGlobalSection
	GlobalSection(SolutionProperties) = preSolution
		HideSolutionNode = FALSE
	EndGlobalSection
	GlobalSection(ExtensibilityGlobals) = postSolution
		SolutionGuid = {3F4E9E04-D1F0-4F48-8451-5400ED5A187D}
	EndGlobalSection
EndGlobal
